
Microsoft Visual Studio Solution File, Format Version 12.00
# Visual Studio Version 17
VisualStudioVersion = 17.5.002.0
MinimumVisualStudioVersion = 10.0.40219.1
Project("{2150E333-8FDC-42A3-9474-1A3956D46DE8}") = "apps", "apps", "{A5A2672E-37BA-49C6-90E2-3184A77D5BF9}"
EndProject
Project("{2150E333-8FDC-42A3-9474-1A3956D46DE8}") = "my-api", "my-api", "{A2E77388-830C-405D-86EA-83CD4D6371F2}"
EndProject
Project("{9A19103F-16F7-4668-BE54-9A1E7A4F7556}") = "main", "apps\my-api\src\main.csproj", "{869C3AEF-4F40-4A74-B07F-1A29924C6EE8}"
EndProject
Project("{2150E333-8FDC-42A3-9474-1A3956D46DE8}") = "my-sf", "my-sf", "{2151A36D-50A0-4F44-8B24-AD319CFA540A}"
EndProject
Project("{2150E333-8FDC-42A3-9474-1A3956D46DE8}") = "state0", "state0", "{3FD7DD31-4C80-43BD-AF26-515CA22D194B}"
EndProject
Project("{2150E333-8FDC-42A3-9474-1A3956D46DE8}") = "src", "src", "{61743504-EF6B-450B-B276-D6AAE2BA830C}"
EndProject
Project("{9A19103F-16F7-4668-BE54-9A1E7A4F7556}") = "state0", "apps\my-sf\state0\src\state0\state0.csproj", "{E0BAB7AE-1082-4845-99E0-4C75CFE15217}"
EndProject
Project("{2150E333-8FDC-42A3-9474-1A3956D46DE8}") = "test", "test", "{61CBFA26-9AC1-4F87-A407-BA6538CF0F7C}"
EndProject
Project("{9A19103F-16F7-4668-BE54-9A1E7A4F7556}") = "state0.Tests", "apps\my-sf\state0\test\state0.Tests\state0.Tests.csproj", "{7DAAD58A-2D84-419A-84FD-D05CCE65392F}"
EndProject
Project("{2150E333-8FDC-42A3-9474-1A3956D46DE8}") = "libs", "libs", "{BAB4C48A-2769-4143-A28B-4AFDC523B4B7}"
EndProject
Project("{2150E333-8FDC-42A3-9474-1A3956D46DE8}") = "dotnet-aws-service", "dotnet-aws-service", "{5F522890-28CA-4FE4-8015-07091ED2DD21}"
EndProject
Project("{2150E333-8FDC-42A3-9474-1A3956D46DE8}") = "src", "src", "{A2A2DB66-5261-422F-94CA-A7FE31A3F3C0}"
EndProject
Project("{2150E333-8FDC-42A3-9474-1A3956D46DE8}") = "generators", "generators", "{FBDA294E-E612-49DB-9BA4-F1AAC2F83B73}"
EndProject
Project("{2150E333-8FDC-42A3-9474-1A3956D46DE8}") = "lambda", "lambda", "{9359579C-3C75-41FA-B1E6-B213E0595E4E}"
EndProject
Project("{2150E333-8FDC-42A3-9474-1A3956D46DE8}") = "lib", "lib", "{1B7DC532-415F-4367-881D-A483290CDECF}"
EndProject
Project("{2150E333-8FDC-42A3-9474-1A3956D46DE8}") = "files", "files", "{A997118E-76BF-404B-BE31-C6F3A1B543AC}"
EndProject
Project("{9A19103F-16F7-4668-BE54-9A1E7A4F7556}") = "main", "libs\dotnet-aws-service\src\generators\lambda\lib\files\src\main.csproj", "{DC2B6AAB-8111-4453-82C4-A5106EFC14A1}"
EndProject
Project("{2150E333-8FDC-42A3-9474-1A3956D46DE8}") = "lambda-api", "lambda-api", "{F8FD8CA7-BD5B-4161-A7B9-0A59B5E81E1A}"
EndProject
Project("{2150E333-8FDC-42A3-9474-1A3956D46DE8}") = "lib", "lib", "{106D0DAB-9E51-4CF4-9D2C-617BEBD281EB}"
EndProject
Project("{2150E333-8FDC-42A3-9474-1A3956D46DE8}") = "files", "files", "{71B5B193-3036-4697-8A62-62BFCDD46A3F}"
EndProject
Project("{9A19103F-16F7-4668-BE54-9A1E7A4F7556}") = "main", "libs\dotnet-aws-service\src\generators\lambda-api\lib\files\src\main.csproj", "{2785E3F5-8191-4953-93B4-DE6023DC66ED}"
EndProject
Global
	GlobalSection(SolutionConfigurationPlatforms) = preSolution
		Debug|Any CPU = Debug|Any CPU
		Release|Any CPU = Release|Any CPU
	EndGlobalSection
	GlobalSection(ProjectConfigurationPlatforms) = postSolution
		{869C3AEF-4F40-4A74-B07F-1A29924C6EE8}.Debug|Any CPU.ActiveCfg = Debug|Any CPU
		{869C3AEF-4F40-4A74-B07F-1A29924C6EE8}.Debug|Any CPU.Build.0 = Debug|Any CPU
		{869C3AEF-4F40-4A74-B07F-1A29924C6EE8}.Release|Any CPU.ActiveCfg = Release|Any CPU
		{869C3AEF-4F40-4A74-B07F-1A29924C6EE8}.Release|Any CPU.Build.0 = Release|Any CPU
		{E0BAB7AE-1082-4845-99E0-4C75CFE15217}.Debug|Any CPU.ActiveCfg = Debug|Any CPU
		{E0BAB7AE-1082-4845-99E0-4C75CFE15217}.Debug|Any CPU.Build.0 = Debug|Any CPU
		{E0BAB7AE-1082-4845-99E0-4C75CFE15217}.Release|Any CPU.ActiveCfg = Release|Any CPU
		{E0BAB7AE-1082-4845-99E0-4C75CFE15217}.Release|Any CPU.Build.0 = Release|Any CPU
		{7DAAD58A-2D84-419A-84FD-D05CCE65392F}.Debug|Any CPU.ActiveCfg = Debug|Any CPU
		{7DAAD58A-2D84-419A-84FD-D05CCE65392F}.Debug|Any CPU.Build.0 = Debug|Any CPU
		{7DAAD58A-2D84-419A-84FD-D05CCE65392F}.Release|Any CPU.ActiveCfg = Release|Any CPU
		{7DAAD58A-2D84-419A-84FD-D05CCE65392F}.Release|Any CPU.Build.0 = Release|Any CPU
		{DC2B6AAB-8111-4453-82C4-A5106EFC14A1}.Debug|Any CPU.ActiveCfg = Debug|Any CPU
		{DC2B6AAB-8111-4453-82C4-A5106EFC14A1}.Debug|Any CPU.Build.0 = Debug|Any CPU
		{DC2B6AAB-8111-4453-82C4-A5106EFC14A1}.Release|Any CPU.ActiveCfg = Release|Any CPU
		{DC2B6AAB-8111-4453-82C4-A5106EFC14A1}.Release|Any CPU.Build.0 = Release|Any CPU
		{2785E3F5-8191-4953-93B4-DE6023DC66ED}.Debug|Any CPU.ActiveCfg = Debug|Any CPU
		{2785E3F5-8191-4953-93B4-DE6023DC66ED}.Debug|Any CPU.Build.0 = Debug|Any CPU
		{2785E3F5-8191-4953-93B4-DE6023DC66ED}.Release|Any CPU.ActiveCfg = Release|Any CPU
		{2785E3F5-8191-4953-93B4-DE6023DC66ED}.Release|Any CPU.Build.0 = Release|Any CPU
	EndGlobalSection
	GlobalSection(SolutionProperties) = preSolution
		HideSolutionNode = FALSE
	EndGlobalSection
	GlobalSection(NestedProjects) = preSolution
		{A2E77388-830C-405D-86EA-83CD4D6371F2} = {A5A2672E-37BA-49C6-90E2-3184A77D5BF9}
		{869C3AEF-4F40-4A74-B07F-1A29924C6EE8} = {A2E77388-830C-405D-86EA-83CD4D6371F2}
		{2151A36D-50A0-4F44-8B24-AD319CFA540A} = {A5A2672E-37BA-49C6-90E2-3184A77D5BF9}
		{3FD7DD31-4C80-43BD-AF26-515CA22D194B} = {2151A36D-50A0-4F44-8B24-AD319CFA540A}
		{61743504-EF6B-450B-B276-D6AAE2BA830C} = {3FD7DD31-4C80-43BD-AF26-515CA22D194B}
		{E0BAB7AE-1082-4845-99E0-4C75CFE15217} = {61743504-EF6B-450B-B276-D6AAE2BA830C}
		{61CBFA26-9AC1-4F87-A407-BA6538CF0F7C} = {3FD7DD31-4C80-43BD-AF26-515CA22D194B}
		{7DAAD58A-2D84-419A-84FD-D05CCE65392F} = {61CBFA26-9AC1-4F87-A407-BA6538CF0F7C}
		{5F522890-28CA-4FE4-8015-07091ED2DD21} = {BAB4C48A-2769-4143-A28B-4AFDC523B4B7}
		{A2A2DB66-5261-422F-94CA-A7FE31A3F3C0} = {5F522890-28CA-4FE4-8015-07091ED2DD21}
		{FBDA294E-E612-49DB-9BA4-F1AAC2F83B73} = {A2A2DB66-5261-422F-94CA-A7FE31A3F3C0}
		{9359579C-3C75-41FA-B1E6-B213E0595E4E} = {FBDA294E-E612-49DB-9BA4-F1AAC2F83B73}
		{1B7DC532-415F-4367-881D-A483290CDECF} = {9359579C-3C75-41FA-B1E6-B213E0595E4E}
		{A997118E-76BF-404B-BE31-C6F3A1B543AC} = {1B7DC532-415F-4367-881D-A483290CDECF}
		{DC2B6AAB-8111-4453-82C4-A5106EFC14A1} = {A997118E-76BF-404B-BE31-C6F3A1B543AC}
		{F8FD8CA7-BD5B-4161-A7B9-0A59B5E81E1A} = {FBDA294E-E612-49DB-9BA4-F1AAC2F83B73}
		{106D0DAB-9E51-4CF4-9D2C-617BEBD281EB} = {F8FD8CA7-BD5B-4161-A7B9-0A59B5E81E1A}
		{71B5B193-3036-4697-8A62-62BFCDD46A3F} = {106D0DAB-9E51-4CF4-9D2C-617BEBD281EB}
		{2785E3F5-8191-4953-93B4-DE6023DC66ED} = {71B5B193-3036-4697-8A62-62BFCDD46A3F}
	EndGlobalSection
	GlobalSection(ExtensibilityGlobals) = postSolution
		SolutionGuid = {0027101A-8137-45DB-806E-585292A3AF4F}
	EndGlobalSection
EndGlobal
